// !$*UTF8*$!
{
	archiveVersion = 1;
	classes = {
	};
	objectVersion = 46;
	objects = {

/* Begin PBXBuildFile section */
		63DF1D5A72AE45DA1A9FB3DA /* Pods_devslopes_social.framework in Frameworks */ = {isa = PBXBuildFile; fileRef = B26B6527AB5BEA6741D03FDE /* Pods_devslopes_social.framework */; };
		F9039BCB1F307B8300A8BFB0 /* AppDelegate.swift in Sources */ = {isa = PBXBuildFile; fileRef = F9039BCA1F307B8300A8BFB0 /* AppDelegate.swift */; };
		F9039BCD1F307B8300A8BFB0 /* SignInVC.swift in Sources */ = {isa = PBXBuildFile; fileRef = F9039BCC1F307B8300A8BFB0 /* SignInVC.swift */; };
		F9039BD01F307B8300A8BFB0 /* Main.storyboard in Resources */ = {isa = PBXBuildFile; fileRef = F9039BCE1F307B8300A8BFB0 /* Main.storyboard */; };
		F9039BD21F307B8300A8BFB0 /* Assets.xcassets in Resources */ = {isa = PBXBuildFile; fileRef = F9039BD11F307B8300A8BFB0 /* Assets.xcassets */; };
		F9039BD51F307B8300A8BFB0 /* LaunchScreen.storyboard in Resources */ = {isa = PBXBuildFile; fileRef = F9039BD31F307B8300A8BFB0 /* LaunchScreen.storyboard */; };
		F9039BDD1F30824D00A8BFB0 /* GoogleService-Info.plist in Resources */ = {isa = PBXBuildFile; fileRef = F9039BDC1F30824D00A8BFB0 /* GoogleService-Info.plist */; };
		F9039BE21F30AFA500A8BFB0 /* FancyView.swift in Sources */ = {isa = PBXBuildFile; fileRef = F9039BE11F30AFA500A8BFB0 /* FancyView.swift */; };
		F9039BE51F30B1C000A8BFB0 /* Constants.swift in Sources */ = {isa = PBXBuildFile; fileRef = F9039BE41F30B1C000A8BFB0 /* Constants.swift */; };
		F9039BE71F30B48100A8BFB0 /* RoundButton.swift in Sources */ = {isa = PBXBuildFile; fileRef = F9039BE61F30B48100A8BFB0 /* RoundButton.swift */; };
		F9039BE91F30B64100A8BFB0 /* FancyField.swift in Sources */ = {isa = PBXBuildFile; fileRef = F9039BE81F30B64100A8BFB0 /* FancyField.swift */; };
		F9039BEB1F30B79C00A8BFB0 /* FancyButton.swift in Sources */ = {isa = PBXBuildFile; fileRef = F9039BEA1F30B79C00A8BFB0 /* FancyButton.swift */; };
		F9039BED1F317B1000A8BFB0 /* FeedVC.swift in Sources */ = {isa = PBXBuildFile; fileRef = F9039BEC1F317B1000A8BFB0 /* FeedVC.swift */; };
		F9039BF51F33C2D800A8BFB0 /* FancyCircleView.swift in Sources */ = {isa = PBXBuildFile; fileRef = F9039BF41F33C2D800A8BFB0 /* FancyCircleView.swift */; };
		F9039BF71F34560100A8BFB0 /* FeedCell.swift in Sources */ = {isa = PBXBuildFile; fileRef = F9039BF61F34560100A8BFB0 /* FeedCell.swift */; };
/* End PBXBuildFile section */

/* Begin PBXFileReference section */
		1D5EBB2B29A1A1399FC6D9A3 /* Pods-devslopes-social.release.xcconfig */ = {isa = PBXFileReference; includeInIndex = 1; lastKnownFileType = text.xcconfig; name = "Pods-devslopes-social.release.xcconfig"; path = "Pods/Target Support Files/Pods-devslopes-social/Pods-devslopes-social.release.xcconfig"; sourceTree = "<group>"; };
		B26B6527AB5BEA6741D03FDE /* Pods_devslopes_social.framework */ = {isa = PBXFileReference; explicitFileType = wrapper.framework; includeInIndex = 0; path = Pods_devslopes_social.framework; sourceTree = BUILT_PRODUCTS_DIR; };
		F9039BC71F307B8300A8BFB0 /* devslopes-social.app */ = {isa = PBXFileReference; explicitFileType = wrapper.application; includeInIndex = 0; path = "devslopes-social.app"; sourceTree = BUILT_PRODUCTS_DIR; };
		F9039BCA1F307B8300A8BFB0 /* AppDelegate.swift */ = {isa = PBXFileReference; lastKnownFileType = sourcecode.swift; path = AppDelegate.swift; sourceTree = "<group>"; };
		F9039BCC1F307B8300A8BFB0 /* SignInVC.swift */ = {isa = PBXFileReference; lastKnownFileType = sourcecode.swift; path = SignInVC.swift; sourceTree = "<group>"; };
		F9039BCF1F307B8300A8BFB0 /* Base */ = {isa = PBXFileReference; lastKnownFileType = file.storyboard; name = Base; path = Base.lproj/Main.storyboard; sourceTree = "<group>"; };
		F9039BD11F307B8300A8BFB0 /* Assets.xcassets */ = {isa = PBXFileReference; lastKnownFileType = folder.assetcatalog; path = Assets.xcassets; sourceTree = "<group>"; };
		F9039BD41F307B8300A8BFB0 /* Base */ = {isa = PBXFileReference; lastKnownFileType = file.storyboard; name = Base; path = Base.lproj/LaunchScreen.storyboard; sourceTree = "<group>"; };
		F9039BD61F307B8300A8BFB0 /* Info.plist */ = {isa = PBXFileReference; lastKnownFileType = text.plist.xml; path = Info.plist; sourceTree = "<group>"; };
		F9039BDC1F30824D00A8BFB0 /* GoogleService-Info.plist */ = {isa = PBXFileReference; fileEncoding = 4; lastKnownFileType = text.plist.xml; path = "GoogleService-Info.plist"; sourceTree = "<group>"; };
		F9039BE11F30AFA500A8BFB0 /* FancyView.swift */ = {isa = PBXFileReference; fileEncoding = 4; lastKnownFileType = sourcecode.swift; path = FancyView.swift; sourceTree = "<group>"; };
		F9039BE41F30B1C000A8BFB0 /* Constants.swift */ = {isa = PBXFileReference; fileEncoding = 4; lastKnownFileType = sourcecode.swift; path = Constants.swift; sourceTree = "<group>"; };
		F9039BE61F30B48100A8BFB0 /* RoundButton.swift */ = {isa = PBXFileReference; fileEncoding = 4; lastKnownFileType = sourcecode.swift; path = RoundButton.swift; sourceTree = "<group>"; };
		F9039BE81F30B64100A8BFB0 /* FancyField.swift */ = {isa = PBXFileReference; fileEncoding = 4; lastKnownFileType = sourcecode.swift; path = FancyField.swift; sourceTree = "<group>"; };
		F9039BEA1F30B79C00A8BFB0 /* FancyButton.swift */ = {isa = PBXFileReference; fileEncoding = 4; lastKnownFileType = sourcecode.swift; path = FancyButton.swift; sourceTree = "<group>"; };
		F9039BEC1F317B1000A8BFB0 /* FeedVC.swift */ = {isa = PBXFileReference; fileEncoding = 4; lastKnownFileType = sourcecode.swift; path = FeedVC.swift; sourceTree = "<group>"; };
		F9039BF41F33C2D800A8BFB0 /* FancyCircleView.swift */ = {isa = PBXFileReference; fileEncoding = 4; lastKnownFileType = sourcecode.swift; path = FancyCircleView.swift; sourceTree = "<group>"; };
		F9039BF61F34560100A8BFB0 /* FeedCell.swift */ = {isa = PBXFileReference; fileEncoding = 4; lastKnownFileType = sourcecode.swift; path = FeedCell.swift; sourceTree = "<group>"; };
		FD6726147AE515E292A717E5 /* Pods-devslopes-social.debug.xcconfig */ = {isa = PBXFileReference; includeInIndex = 1; lastKnownFileType = text.xcconfig; name = "Pods-devslopes-social.debug.xcconfig"; path = "Pods/Target Support Files/Pods-devslopes-social/Pods-devslopes-social.debug.xcconfig"; sourceTree = "<group>"; };
/* End PBXFileReference section */

/* Begin PBXFrameworksBuildPhase section */
		F9039BC41F307B8300A8BFB0 /* Frameworks */ = {
			isa = PBXFrameworksBuildPhase;
			buildActionMask = 2147483647;
			files = (
				63DF1D5A72AE45DA1A9FB3DA /* Pods_devslopes_social.framework in Frameworks */,
			);
			runOnlyForDeploymentPostprocessing = 0;
		};
/* End PBXFrameworksBuildPhase section */

/* Begin PBXGroup section */
		50AABF6CB2705A38AA318F6D /* Pods */ = {
			isa = PBXGroup;
			children = (
				FD6726147AE515E292A717E5 /* Pods-devslopes-social.debug.xcconfig */,
				1D5EBB2B29A1A1399FC6D9A3 /* Pods-devslopes-social.release.xcconfig */,
			);
			name = Pods;
			sourceTree = "<group>";
		};
		A5D8825138B3375F0F8A43D4 /* Frameworks */ = {
			isa = PBXGroup;
			children = (
				B26B6527AB5BEA6741D03FDE /* Pods_devslopes_social.framework */,
			);
			name = Frameworks;
			sourceTree = "<group>";
		};
		F9039BBE1F307B8300A8BFB0 = {
			isa = PBXGroup;
			children = (
				F9039BC91F307B8300A8BFB0 /* devslopes-social */,
				F9039BC81F307B8300A8BFB0 /* Products */,
				50AABF6CB2705A38AA318F6D /* Pods */,
				A5D8825138B3375F0F8A43D4 /* Frameworks */,
			);
			sourceTree = "<group>";
		};
		F9039BC81F307B8300A8BFB0 /* Products */ = {
			isa = PBXGroup;
			children = (
				F9039BC71F307B8300A8BFB0 /* devslopes-social.app */,
			);
			name = Products;
			sourceTree = "<group>";
		};
		F9039BC91F307B8300A8BFB0 /* devslopes-social */ = {
			isa = PBXGroup;
			children = (
				F9039BE31F30B1AD00A8BFB0 /* Util */,
				F9039BDE1F30856400A8BFB0 /* Model */,
				F9039BDF1F30856E00A8BFB0 /* View */,
				F9039BE01F30857500A8BFB0 /* Controller */,
				F9039BCA1F307B8300A8BFB0 /* AppDelegate.swift */,
				F9039BCE1F307B8300A8BFB0 /* Main.storyboard */,
				F9039BD11F307B8300A8BFB0 /* Assets.xcassets */,
				F9039BD31F307B8300A8BFB0 /* LaunchScreen.storyboard */,
				F9039BD61F307B8300A8BFB0 /* Info.plist */,
				F9039BDC1F30824D00A8BFB0 /* GoogleService-Info.plist */,
			);
			path = "devslopes-social";
			sourceTree = "<group>";
		};
		F9039BDE1F30856400A8BFB0 /* Model */ = {
			isa = PBXGroup;
			children = (
			);
			name = Model;
			sourceTree = "<group>";
		};
		F9039BDF1F30856E00A8BFB0 /* View */ = {
			isa = PBXGroup;
			children = (
				F9039BE11F30AFA500A8BFB0 /* FancyView.swift */,
				F9039BE61F30B48100A8BFB0 /* RoundButton.swift */,
				F9039BE81F30B64100A8BFB0 /* FancyField.swift */,
				F9039BEA1F30B79C00A8BFB0 /* FancyButton.swift */,
				F9039BF41F33C2D800A8BFB0 /* FancyCircleView.swift */,
				F9039BF61F34560100A8BFB0 /* FeedCell.swift */,
			);
			name = View;
			sourceTree = "<group>";
		};
		F9039BE01F30857500A8BFB0 /* Controller */ = {
			isa = PBXGroup;
			children = (
				F9039BCC1F307B8300A8BFB0 /* SignInVC.swift */,
				F9039BEC1F317B1000A8BFB0 /* FeedVC.swift */,
			);
			name = Controller;
			sourceTree = "<group>";
		};
		F9039BE31F30B1AD00A8BFB0 /* Util */ = {
			isa = PBXGroup;
			children = (
				F9039BE41F30B1C000A8BFB0 /* Constants.swift */,
			);
			name = Util;
			sourceTree = "<group>";
		};
/* End PBXGroup section */

/* Begin PBXNativeTarget section */
		F9039BC61F307B8300A8BFB0 /* devslopes-social */ = {
			isa = PBXNativeTarget;
			buildConfigurationList = F9039BD91F307B8300A8BFB0 /* Build configuration list for PBXNativeTarget "devslopes-social" */;
			buildPhases = (
				1BD44F55590C9619D8338CE1 /* [CP] Check Pods Manifest.lock */,
				F9039BC31F307B8300A8BFB0 /* Sources */,
				F9039BC41F307B8300A8BFB0 /* Frameworks */,
				F9039BC51F307B8300A8BFB0 /* Resources */,
				58217643DCB6D7E474B0F894 /* [CP] Embed Pods Frameworks */,
				A12A81B916274DD7EAEFE933 /* [CP] Copy Pods Resources */,
			);
			buildRules = (
			);
			dependencies = (
			);
			name = "devslopes-social";
			productName = "devslopes-social";
			productReference = F9039BC71F307B8300A8BFB0 /* devslopes-social.app */;
			productType = "com.apple.product-type.application";
		};
/* End PBXNativeTarget section */

/* Begin PBXProject section */
		F9039BBF1F307B8300A8BFB0 /* Project object */ = {
			isa = PBXProject;
			attributes = {
				LastSwiftUpdateCheck = 0830;
				LastUpgradeCheck = 0830;
				ORGANIZATIONNAME = "drulabs Inc";
				TargetAttributes = {
					F9039BC61F307B8300A8BFB0 = {
						CreatedOnToolsVersion = 8.3.3;
						DevelopmentTeam = AP6W85Z62P;
						ProvisioningStyle = Automatic;
					};
				};
			};
			buildConfigurationList = F9039BC21F307B8300A8BFB0 /* Build configuration list for PBXProject "devslopes-social" */;
			compatibilityVersion = "Xcode 3.2";
			developmentRegion = English;
			hasScannedForEncodings = 0;
			knownRegions = (
				en,
				Base,
			);
			mainGroup = F9039BBE1F307B8300A8BFB0;
			productRefGroup = F9039BC81F307B8300A8BFB0 /* Products */;
			projectDirPath = "";
			projectRoot = "";
			targets = (
				F9039BC61F307B8300A8BFB0 /* devslopes-social */,
			);
		};
/* End PBXProject section */

/* Begin PBXResourcesBuildPhase section */
		F9039BC51F307B8300A8BFB0 /* Resources */ = {
			isa = PBXResourcesBuildPhase;
			buildActionMask = 2147483647;
			files = (
				F9039BD51F307B8300A8BFB0 /* LaunchScreen.storyboard in Resources */,
				F9039BDD1F30824D00A8BFB0 /* GoogleService-Info.plist in Resources */,
				F9039BD21F307B8300A8BFB0 /* Assets.xcassets in Resources */,
				F9039BD01F307B8300A8BFB0 /* Main.storyboard in Resources */,
			);
			runOnlyForDeploymentPostprocessing = 0;
		};
/* End PBXResourcesBuildPhase section */

/* Begin PBXShellScriptBuildPhase section */
		1BD44F55590C9619D8338CE1 /* [CP] Check Pods Manifest.lock */ = {
			isa = PBXShellScriptBuildPhase;
			buildActionMask = 2147483647;
			files = (
			);
			inputPaths = (
			);
			name = "[CP] Check Pods Manifest.lock";
			outputPaths = (
			);
			runOnlyForDeploymentPostprocessing = 0;
			shellPath = /bin/sh;
			shellScript = "diff \"${PODS_PODFILE_DIR_PATH}/Podfile.lock\" \"${PODS_ROOT}/Manifest.lock\" > /dev/null\nif [ $? != 0 ] ; then\n    # print error to STDERR\n    echo \"error: The sandbox is not in sync with the Podfile.lock. Run 'pod install' or update your CocoaPods installation.\" >&2\n    exit 1\nfi\n";
			showEnvVarsInLog = 0;
		};
		58217643DCB6D7E474B0F894 /* [CP] Embed Pods Frameworks */ = {
			isa = PBXShellScriptBuildPhase;
			buildActionMask = 2147483647;
			files = (
			);
			inputPaths = (
			);
			name = "[CP] Embed Pods Frameworks";
			outputPaths = (
			);
			runOnlyForDeploymentPostprocessing = 0;
			shellPath = /bin/sh;
			shellScript = "\"${SRCROOT}/Pods/Target Support Files/Pods-devslopes-social/Pods-devslopes-social-frameworks.sh\"\n";
			showEnvVarsInLog = 0;
		};
		A12A81B916274DD7EAEFE933 /* [CP] Copy Pods Resources */ = {
			isa = PBXShellScriptBuildPhase;
			buildActionMask = 2147483647;
			files = (
			);
			inputPaths = (
			);
			name = "[CP] Copy Pods Resources";
			outputPaths = (
			);
			runOnlyForDeploymentPostprocessing = 0;
			shellPath = /bin/sh;
			shellScript = "\"${SRCROOT}/Pods/Target Support Files/Pods-devslopes-social/Pods-devslopes-social-resources.sh\"\n";
			showEnvVarsInLog = 0;
		};
/* End PBXShellScriptBuildPhase section */

/* Begin PBXSourcesBuildPhase section */
		F9039BC31F307B8300A8BFB0 /* Sources */ = {
			isa = PBXSourcesBuildPhase;
			buildActionMask = 2147483647;
			files = (
				F9039BE91F30B64100A8BFB0 /* FancyField.swift in Sources */,
				F9039BF71F34560100A8BFB0 /* FeedCell.swift in Sources */,
				F9039BCD1F307B8300A8BFB0 /* SignInVC.swift in Sources */,
				F9039BE71F30B48100A8BFB0 /* RoundButton.swift in Sources */,
				F9039BEB1F30B79C00A8BFB0 /* FancyButton.swift in Sources */,
				F9039BF51F33C2D800A8BFB0 /* FancyCircleView.swift in Sources */,
				F9039BED1F317B1000A8BFB0 /* FeedVC.swift in Sources */,
				F9039BCB1F307B8300A8BFB0 /* AppDelegate.swift in Sources */,
				F9039BE21F30AFA500A8BFB0 /* FancyView.swift in Sources */,
				F9039BE51F30B1C000A8BFB0 /* Constants.swift in Sources */,
			);
			runOnlyForDeploymentPostprocessing = 0;
		};
/* End PBXSourcesBuildPhase section */

/* Begin PBXVariantGroup section */
		F9039BCE1F307B8300A8BFB0 /* Main.storyboard */ = {
			isa = PBXVariantGroup;
			children = (
				F9039BCF1F307B8300A8BFB0 /* Base */,
			);
			name = Main.storyboard;
			sourceTree = "<group>";
		};
		F9039BD31F307B8300A8BFB0 /* LaunchScreen.storyboard */ = {
			isa = PBXVariantGroup;
			children = (
				F9039BD41F307B8300A8BFB0 /* Base */,
			);
			name = LaunchScreen.storyboard;
			sourceTree = "<group>";
		};
/* End PBXVariantGroup section */

/* Begin XCBuildConfiguration section */
		F9039BD71F307B8300A8BFB0 /* Debug */ = {
			isa = XCBuildConfiguration;
			buildSettings = {
				ALWAYS_SEARCH_USER_PATHS = NO;
				CLANG_ANALYZER_NONNULL = YES;
				CLANG_ANALYZER_NUMBER_OBJECT_CONVERSION = YES_AGGRESSIVE;
				CLANG_CXX_LANGUAGE_STANDARD = "gnu++0x";
				CLANG_CXX_LIBRARY = "libc++";
				CLANG_ENABLE_MODULES = YES;
				CLANG_ENABLE_OBJC_ARC = YES;
				CLANG_WARN_BOOL_CONVERSION = YES;
				CLANG_WARN_CONSTANT_CONVERSION = YES;
				CLANG_WARN_DIRECT_OBJC_ISA_USAGE = YES_ERROR;
				CLANG_WARN_DOCUMENTATION_COMMENTS = YES;
				CLANG_WARN_EMPTY_BODY = YES;
				CLANG_WARN_ENUM_CONVERSION = YES;
				CLANG_WARN_INFINITE_RECURSION = YES;
				CLANG_WARN_INT_CONVERSION = YES;
				CLANG_WARN_OBJC_ROOT_CLASS = YES_ERROR;
				CLANG_WARN_SUSPICIOUS_MOVE = YES;
				CLANG_WARN_UNREACHABLE_CODE = YES;
				CLANG_WARN__DUPLICATE_METHOD_MATCH = YES;
				"CODE_SIGN_IDENTITY[sdk=iphoneos*]" = "iPhone Developer";
				COPY_PHASE_STRIP = NO;
				DEBUG_INFORMATION_FORMAT = dwarf;
				ENABLE_STRICT_OBJC_MSGSEND = YES;
				ENABLE_TESTABILITY = YES;
				GCC_C_LANGUAGE_STANDARD = gnu99;
				GCC_DYNAMIC_NO_PIC = NO;
				GCC_NO_COMMON_BLOCKS = YES;
				GCC_OPTIMIZATION_LEVEL = 0;
				GCC_PREPROCESSOR_DEFINITIONS = (
					"DEBUG=1",
					"$(inherited)",
				);
				GCC_WARN_64_TO_32_BIT_CONVERSION = YES;
				GCC_WARN_ABOUT_RETURN_TYPE = YES_ERROR;
				GCC_WARN_UNDECLARED_SELECTOR = YES;
				GCC_WARN_UNINITIALIZED_AUTOS = YES_AGGRESSIVE;
				GCC_WARN_UNUSED_FUNCTION = YES;
				GCC_WARN_UNUSED_VARIABLE = YES;
				IPHONEOS_DEPLOYMENT_TARGET = 10.3;
				MTL_ENABLE_DEBUG_INFO = YES;
				ONLY_ACTIVE_ARCH = YES;
				SDKROOT = iphoneos;
				SWIFT_ACTIVE_COMPILATION_CONDITIONS = DEBUG;
				SWIFT_OPTIMIZATION_LEVEL = "-Onone";
			};
			name = Debug;
		};
		F9039BD81F307B8300A8BFB0 /* Release */ = {
			isa = XCBuildConfiguration;
			buildSettings = {
				ALWAYS_SEARCH_USER_PATHS = NO;
				CLANG_ANALYZER_NONNULL = YES;
				CLANG_ANALYZER_NUMBER_OBJECT_CONVERSION = YES_AGGRESSIVE;
				CLANG_CXX_LANGUAGE_STANDARD = "gnu++0x";
				CLANG_CXX_LIBRARY = "libc++";
				CLANG_ENABLE_MODULES = YES;
				CLANG_ENABLE_OBJC_ARC = YES;
				CLANG_WARN_BOOL_CONVERSION = YES;
				CLANG_WARN_CONSTANT_CONVERSION = YES;
				CLANG_WARN_DIRECT_OBJC_ISA_USAGE = YES_ERROR;
				CLANG_WARN_DOCUMENTATION_COMMENTS = YES;
				CLANG_WARN_EMPTY_BODY = YES;
				CLANG_WARN_ENUM_CONVERSION = YES;
				CLANG_WARN_INFINITE_RECURSION = YES;
				CLANG_WARN_INT_CONVERSION = YES;
				CLANG_WARN_OBJC_ROOT_CLASS = YES_ERROR;
				CLANG_WARN_SUSPICIOUS_MOVE = YES;
				CLANG_WARN_UNREACHABLE_CODE = YES;
				CLANG_WARN__DUPLICATE_METHOD_MATCH = YES;
				"CODE_SIGN_IDENTITY[sdk=iphoneos*]" = "iPhone Developer";
				COPY_PHASE_STRIP = NO;
				DEBUG_INFORMATION_FORMAT = "dwarf-with-dsym";
				ENABLE_NS_ASSERTIONS = NO;
				ENABLE_STRICT_OBJC_MSGSEND = YES;
				GCC_C_LANGUAGE_STANDARD = gnu99;
				GCC_NO_COMMON_BLOCKS = YES;
				GCC_WARN_64_TO_32_BIT_CONVERSION = YES;
				GCC_WARN_ABOUT_RETURN_TYPE = YES_ERROR;
				GCC_WARN_UNDECLARED_SELECTOR = YES;
				GCC_WARN_UNINITIALIZED_AUTOS = YES_AGGRESSIVE;
				GCC_WARN_UNUSED_FUNCTION = YES;
				GCC_WARN_UNUSED_VARIABLE = YES;
				IPHONEOS_DEPLOYMENT_TARGET = 10.3;
				MTL_ENABLE_DEBUG_INFO = NO;
				SDKROOT = iphoneos;
				SWIFT_OPTIMIZATION_LEVEL = "-Owholemodule";
				VALIDATE_PRODUCT = YES;
			};
			name = Release;
		};
		F9039BDA1F307B8300A8BFB0 /* Debug */ = {
			isa = XCBuildConfiguration;
			baseConfigurationReference = FD6726147AE515E292A717E5 /* Pods-devslopes-social.debug.xcconfig */;
			buildSettings = {
				ASSETCATALOG_COMPILER_APPICON_NAME = AppIcon;
				DEVELOPMENT_TEAM = AP6W85Z62P;
				INFOPLIST_FILE = "devslopes-social/Info.plist";
				LD_RUNPATH_SEARCH_PATHS = "$(inherited) @executable_path/Frameworks";
				PRODUCT_BUNDLE_IDENTIFIER = "org.drulabs.devslopes-social";
				PRODUCT_NAME = "$(TARGET_NAME)";
				SWIFT_VERSION = 3.0;
			};
			name = Debug;
		};
		F9039BDB1F307B8300A8BFB0 /* Release */ = {
			isa = XCBuildConfiguration;
			baseConfigurationReference = 1D5EBB2B29A1A1399FC6D9A3 /* Pods-devslopes-social.release.xcconfig */;
			buildSettings = {
				ASSETCATALOG_COMPILER_APPICON_NAME = AppIcon;
				DEVELOPMENT_TEAM = AP6W85Z62P;
				INFOPLIST_FILE = "devslopes-social/Info.plist";
				LD_RUNPATH_SEARCH_PATHS = "$(inherited) @executable_path/Frameworks";
				PRODUCT_BUNDLE_IDENTIFIER = "org.drulabs.devslopes-social";
				PRODUCT_NAME = "$(TARGET_NAME)";
				SWIFT_VERSION = 3.0;
			};
			name = Release;
		};
/* End XCBuildConfiguration section */

/* Begin XCConfigurationList section */
		F9039BC21F307B8300A8BFB0 /* Build configuration list for PBXProject "devslopes-social" */ = {
			isa = XCConfigurationList;
			buildConfigurations = (
				F9039BD71F307B8300A8BFB0 /* Debug */,
				F9039BD81F307B8300A8BFB0 /* Release */,
			);
			defaultConfigurationIsVisible = 0;
			defaultConfigurationName = Release;
		};
		F9039BD91F307B8300A8BFB0 /* Build configuration list for PBXNativeTarget "devslopes-social" */ = {
			isa = XCConfigurationList;
			buildConfigurations = (
				F9039BDA1F307B8300A8BFB0 /* Debug */,
				F9039BDB1F307B8300A8BFB0 /* Release */,
			);
			defaultConfigurationIsVisible = 0;
			defaultConfigurationName = Release;
		};
/* End XCConfigurationList section */
	};
	rootObject = F9039BBF1F307B8300A8BFB0 /* Project object */;
}
